
Microsoft Visual Studio Solution File, Format Version 12.00
# Visual Studio Version 16
VisualStudioVersion = 16.0.29215.179
MinimumVisualStudioVersion = 10.0.40219.1
Project("{FAE04EC0-301F-11D3-BF4B-00C04F79EFBC}") = "pbcopy", "pbcopy\pbcopy.csproj", "{94528506-E13A-4E9F-B0EC-3814832C3375}"
EndProject
Project("{FAE04EC0-301F-11D3-BF4B-00C04F79EFBC}") = "pbpaste", "pbpaste\pbpaste.csproj", "{350F5500-5874-41BD-8453-F01D3BC680C3}"
Project("{FAE04EC0-301F-11D3-BF4B-00C04F79EFBC}") = "bringtofront", "bringtofront\bringtofront.csproj", "{48E4FDE3-E829-4FBA-8D1D-91CFC37EAEF4}"
EndProject
Global
	GlobalSection(SolutionConfigurationPlatforms) = preSolution
		Debug|Any CPU = Debug|Any CPU
		Release|Any CPU = Release|Any CPU
	EndGlobalSection
	GlobalSection(ProjectConfigurationPlatforms) = postSolution
		{94528506-E13A-4E9F-B0EC-3814832C3375}.Debug|Any CPU.ActiveCfg = Debug|Any CPU
		{94528506-E13A-4E9F-B0EC-3814832C3375}.Debug|Any CPU.Build.0 = Debug|Any CPU
		{94528506-E13A-4E9F-B0EC-3814832C3375}.Release|Any CPU.ActiveCfg = Release|Any CPU
		{94528506-E13A-4E9F-B0EC-3814832C3375}.Release|Any CPU.Build.0 = Release|Any CPU
		{350F5500-5874-41BD-8453-F01D3BC680C3}.Debug|Any CPU.ActiveCfg = Debug|Any CPU
		{350F5500-5874-41BD-8453-F01D3BC680C3}.Debug|Any CPU.Build.0 = Debug|Any CPU
		{350F5500-5874-41BD-8453-F01D3BC680C3}.Release|Any CPU.ActiveCfg = Release|Any CPU
		{350F5500-5874-41BD-8453-F01D3BC680C3}.Release|Any CPU.Build.0 = Release|Any CPU
		{48E4FDE3-E829-4FBA-8D1D-91CFC37EAEF4}.Debug|Any CPU.ActiveCfg = Debug|Any CPU
		{48E4FDE3-E829-4FBA-8D1D-91CFC37EAEF4}.Debug|Any CPU.Build.0 = Debug|Any CPU
		{48E4FDE3-E829-4FBA-8D1D-91CFC37EAEF4}.Release|Any CPU.ActiveCfg = Release|Any CPU
		{48E4FDE3-E829-4FBA-8D1D-91CFC37EAEF4}.Release|Any CPU.Build.0 = Release|Any CPU
	EndGlobalSection
	GlobalSection(SolutionProperties) = preSolution
		HideSolutionNode = FALSE
	EndGlobalSection
	GlobalSection(ExtensibilityGlobals) = postSolution
		SolutionGuid = {186EEC8F-01BB-49FF-812B-294FD47DD601}
	EndGlobalSection
EndGlobal
