
Microsoft Visual Studio Solution File, Format Version 12.00
# Visual Studio 15
VisualStudioVersion = 15.0.26124.0
MinimumVisualStudioVersion = 15.0.26124.0
Project("{FAE04EC0-301F-11D3-BF4B-00C04F79EFBC}") = "bringtofront", "bringtofront\bringtofront.csproj", "{89A7C62B-D3A2-4A8D-94B9-FA73E2F7182C}"
EndProject
Project("{FAE04EC0-301F-11D3-BF4B-00C04F79EFBC}") = "pbcopy", "pbcopy\pbcopy.csproj", "{27879918-05FE-4BD0-965E-B1BDE04DEA9E}"
EndProject
Project("{FAE04EC0-301F-11D3-BF4B-00C04F79EFBC}") = "pbpaste", "pbpaste\pbpaste.csproj", "{E00FCE4A-C5F2-4C85-903E-B9662521D268}"
EndProject
Project("{FAE04EC0-301F-11D3-BF4B-00C04F79EFBC}") = "tnet", "tnet\tnet.csproj", "{554457D3-1D2C-4145-857F-48D9A7AC7BEC}"
EndProject
Global
	GlobalSection(SolutionConfigurationPlatforms) = preSolution
		Debug|Any CPU = Debug|Any CPU
		Debug|x64 = Debug|x64
		Debug|x86 = Debug|x86
		Release|Any CPU = Release|Any CPU
		Release|x64 = Release|x64
		Release|x86 = Release|x86
	EndGlobalSection
	GlobalSection(SolutionProperties) = preSolution
		HideSolutionNode = FALSE
	EndGlobalSection
	GlobalSection(ProjectConfigurationPlatforms) = postSolution
		{89A7C62B-D3A2-4A8D-94B9-FA73E2F7182C}.Debug|Any CPU.ActiveCfg = Debug|Any CPU
		{89A7C62B-D3A2-4A8D-94B9-FA73E2F7182C}.Debug|Any CPU.Build.0 = Debug|Any CPU
		{89A7C62B-D3A2-4A8D-94B9-FA73E2F7182C}.Debug|x64.ActiveCfg = Debug|Any CPU
		{89A7C62B-D3A2-4A8D-94B9-FA73E2F7182C}.Debug|x64.Build.0 = Debug|Any CPU
		{89A7C62B-D3A2-4A8D-94B9-FA73E2F7182C}.Debug|x86.ActiveCfg = Debug|Any CPU
		{89A7C62B-D3A2-4A8D-94B9-FA73E2F7182C}.Debug|x86.Build.0 = Debug|Any CPU
		{89A7C62B-D3A2-4A8D-94B9-FA73E2F7182C}.Release|Any CPU.ActiveCfg = Release|Any CPU
		{89A7C62B-D3A2-4A8D-94B9-FA73E2F7182C}.Release|Any CPU.Build.0 = Release|Any CPU
		{89A7C62B-D3A2-4A8D-94B9-FA73E2F7182C}.Release|x64.ActiveCfg = Release|Any CPU
		{89A7C62B-D3A2-4A8D-94B9-FA73E2F7182C}.Release|x64.Build.0 = Release|Any CPU
		{89A7C62B-D3A2-4A8D-94B9-FA73E2F7182C}.Release|x86.ActiveCfg = Release|Any CPU
		{89A7C62B-D3A2-4A8D-94B9-FA73E2F7182C}.Release|x86.Build.0 = Release|Any CPU
		{27879918-05FE-4BD0-965E-B1BDE04DEA9E}.Debug|Any CPU.ActiveCfg = Debug|Any CPU
		{27879918-05FE-4BD0-965E-B1BDE04DEA9E}.Debug|Any CPU.Build.0 = Debug|Any CPU
		{27879918-05FE-4BD0-965E-B1BDE04DEA9E}.Debug|x64.ActiveCfg = Debug|Any CPU
		{27879918-05FE-4BD0-965E-B1BDE04DEA9E}.Debug|x64.Build.0 = Debug|Any CPU
		{27879918-05FE-4BD0-965E-B1BDE04DEA9E}.Debug|x86.ActiveCfg = Debug|Any CPU
		{27879918-05FE-4BD0-965E-B1BDE04DEA9E}.Debug|x86.Build.0 = Debug|Any CPU
		{27879918-05FE-4BD0-965E-B1BDE04DEA9E}.Release|Any CPU.ActiveCfg = Release|Any CPU
		{27879918-05FE-4BD0-965E-B1BDE04DEA9E}.Release|Any CPU.Build.0 = Release|Any CPU
		{27879918-05FE-4BD0-965E-B1BDE04DEA9E}.Release|x64.ActiveCfg = Release|Any CPU
		{27879918-05FE-4BD0-965E-B1BDE04DEA9E}.Release|x64.Build.0 = Release|Any CPU
		{27879918-05FE-4BD0-965E-B1BDE04DEA9E}.Release|x86.ActiveCfg = Release|Any CPU
		{27879918-05FE-4BD0-965E-B1BDE04DEA9E}.Release|x86.Build.0 = Release|Any CPU
		{E00FCE4A-C5F2-4C85-903E-B9662521D268}.Debug|Any CPU.ActiveCfg = Debug|Any CPU
		{E00FCE4A-C5F2-4C85-903E-B9662521D268}.Debug|Any CPU.Build.0 = Debug|Any CPU
		{E00FCE4A-C5F2-4C85-903E-B9662521D268}.Debug|x64.ActiveCfg = Debug|Any CPU
		{E00FCE4A-C5F2-4C85-903E-B9662521D268}.Debug|x64.Build.0 = Debug|Any CPU
		{E00FCE4A-C5F2-4C85-903E-B9662521D268}.Debug|x86.ActiveCfg = Debug|Any CPU
		{E00FCE4A-C5F2-4C85-903E-B9662521D268}.Debug|x86.Build.0 = Debug|Any CPU
		{E00FCE4A-C5F2-4C85-903E-B9662521D268}.Release|Any CPU.ActiveCfg = Release|Any CPU
		{E00FCE4A-C5F2-4C85-903E-B9662521D268}.Release|Any CPU.Build.0 = Release|Any CPU
		{E00FCE4A-C5F2-4C85-903E-B9662521D268}.Release|x64.ActiveCfg = Release|Any CPU
		{E00FCE4A-C5F2-4C85-903E-B9662521D268}.Release|x64.Build.0 = Release|Any CPU
		{E00FCE4A-C5F2-4C85-903E-B9662521D268}.Release|x86.ActiveCfg = Release|Any CPU
		{E00FCE4A-C5F2-4C85-903E-B9662521D268}.Release|x86.Build.0 = Release|Any CPU
		{554457D3-1D2C-4145-857F-48D9A7AC7BEC}.Debug|Any CPU.ActiveCfg = Debug|Any CPU
		{554457D3-1D2C-4145-857F-48D9A7AC7BEC}.Debug|Any CPU.Build.0 = Debug|Any CPU
		{554457D3-1D2C-4145-857F-48D9A7AC7BEC}.Debug|x64.ActiveCfg = Debug|Any CPU
		{554457D3-1D2C-4145-857F-48D9A7AC7BEC}.Debug|x64.Build.0 = Debug|Any CPU
		{554457D3-1D2C-4145-857F-48D9A7AC7BEC}.Debug|x86.ActiveCfg = Debug|Any CPU
		{554457D3-1D2C-4145-857F-48D9A7AC7BEC}.Debug|x86.Build.0 = Debug|Any CPU
		{554457D3-1D2C-4145-857F-48D9A7AC7BEC}.Release|Any CPU.ActiveCfg = Release|Any CPU
		{554457D3-1D2C-4145-857F-48D9A7AC7BEC}.Release|Any CPU.Build.0 = Release|Any CPU
		{554457D3-1D2C-4145-857F-48D9A7AC7BEC}.Release|x64.ActiveCfg = Release|Any CPU
		{554457D3-1D2C-4145-857F-48D9A7AC7BEC}.Release|x64.Build.0 = Release|Any CPU
		{554457D3-1D2C-4145-857F-48D9A7AC7BEC}.Release|x86.ActiveCfg = Release|Any CPU
		{554457D3-1D2C-4145-857F-48D9A7AC7BEC}.Release|x86.Build.0 = Release|Any CPU
	EndGlobalSection
EndGlobal
